PODS:
  - Flutter (1.0.0)
  - open_settings_plus (0.0.1):
    - Flutter

DEPENDENCIES:
  - Flutter (from `Flutter`)
  - open_settings_plus (from `.symlinks/plugins/open_settings_plus/ios`)

EXTERNAL SOURCES:
  Flutter:
    :path: Flutter
  open_settings_plus:
    :path: ".symlinks/plugins/open_settings_plus/ios"

SPEC CHECKSUMS:
  Flutter: e0871f40cf51350855a761d2e70bf5af5b9b5de7
  open_settings_plus: 4bd848866fea2becc124581d868a6164cf768831

PODFILE CHECKSUM: c4c93c5f6502fe2754f48404d3594bf779584011

COCOAPODS: 1.15.2
